
Microsoft Visual Studio Solution File, Format Version 12.00
# Visual Studio 15
VisualStudioVersion = 15.0.27703.2026
MinimumVisualStudioVersion = 10.0.40219.1
Project("{778DAE3C-4631-46EA-AA77-85C1314464D9}") = "NETCoreBLB", "..\NETCoreBLB\NETCoreBLB\NETCoreBLB.vbproj", "{6E69A228-902C-4104-97B8-FFFC018A4A02}"
EndProject
Project("{778DAE3C-4631-46EA-AA77-85C1314464D9}") = "NETCoreADO", "..\NETCoreADO\NETCoreADO\NETCoreADO.vbproj", "{A5476370-6804-42F8-BBA6-B783E5166228}"
EndProject
Project("{F184B08F-C81C-45F6-A57F-5ABD9991F28F}") = "Probador", "Probador.vbproj", "{30AFFE82-CF4D-48C9-9A1A-D538D3D47566}"
EndProject
Project("{2150E333-8FDC-42A3-9474-1A3956D46DE8}") = "Solution Items", "Solution Items", "{C158C049-C507-4E88-98AC-090E06D7302E}"
	ProjectSection(SolutionItems) = preProject
		..\SQL Scripts\SCRIPTS.sql = ..\SQL Scripts\SCRIPTS.sql
	EndProjectSection
EndProject
Project("{778DAE3C-4631-46EA-AA77-85C1314464D9}") = "NETCoreCrypto", "..\NETCoreCrypto\NETCoreCrypto.vbproj", "{A5028AC8-3059-4FF9-8C00-74A0AD7B2A99}"
EndProject
Global
	GlobalSection(SolutionConfigurationPlatforms) = preSolution
		Debug|Any CPU = Debug|Any CPU
		Release|Any CPU = Release|Any CPU
	EndGlobalSection
	GlobalSection(ProjectConfigurationPlatforms) = postSolution
		{6E69A228-902C-4104-97B8-FFFC018A4A02}.Debug|Any CPU.ActiveCfg = Debug|Any CPU
		{6E69A228-902C-4104-97B8-FFFC018A4A02}.Debug|Any CPU.Build.0 = Debug|Any CPU
		{6E69A228-902C-4104-97B8-FFFC018A4A02}.Release|Any CPU.ActiveCfg = Release|Any CPU
		{6E69A228-902C-4104-97B8-FFFC018A4A02}.Release|Any CPU.Build.0 = Release|Any CPU
		{A5476370-6804-42F8-BBA6-B783E5166228}.Debug|Any CPU.ActiveCfg = Debug|Any CPU
		{A5476370-6804-42F8-BBA6-B783E5166228}.Debug|Any CPU.Build.0 = Debug|Any CPU
		{A5476370-6804-42F8-BBA6-B783E5166228}.Release|Any CPU.ActiveCfg = Release|Any CPU
		{A5476370-6804-42F8-BBA6-B783E5166228}.Release|Any CPU.Build.0 = Release|Any CPU
		{30AFFE82-CF4D-48C9-9A1A-D538D3D47566}.Debug|Any CPU.ActiveCfg = Debug|Any CPU
		{30AFFE82-CF4D-48C9-9A1A-D538D3D47566}.Debug|Any CPU.Build.0 = Debug|Any CPU
		{30AFFE82-CF4D-48C9-9A1A-D538D3D47566}.Release|Any CPU.ActiveCfg = Release|Any CPU
		{30AFFE82-CF4D-48C9-9A1A-D538D3D47566}.Release|Any CPU.Build.0 = Release|Any CPU
		{A5028AC8-3059-4FF9-8C00-74A0AD7B2A99}.Debug|Any CPU.ActiveCfg = Debug|Any CPU
		{A5028AC8-3059-4FF9-8C00-74A0AD7B2A99}.Debug|Any CPU.Build.0 = Debug|Any CPU
		{A5028AC8-3059-4FF9-8C00-74A0AD7B2A99}.Release|Any CPU.ActiveCfg = Release|Any CPU
		{A5028AC8-3059-4FF9-8C00-74A0AD7B2A99}.Release|Any CPU.Build.0 = Release|Any CPU
	EndGlobalSection
	GlobalSection(SolutionProperties) = preSolution
		HideSolutionNode = FALSE
	EndGlobalSection
	GlobalSection(ExtensibilityGlobals) = postSolution
		SolutionGuid = {E202E60C-83F8-4A95-8E2C-0E6BE8C55E63}
	EndGlobalSection
EndGlobal
